
Microsoft Visual Studio Solution File, Format Version 12.00
# Visual Studio 15
VisualStudioVersion = 15.0.28307.1738
MinimumVisualStudioVersion = 10.0.40219.1
Project("{159641D6-6404-4A2A-AE62-294DE0FE8301}") = "SSIS_Activity", "SSIS_Activity\SSIS_Activity.dtproj", "{82BC1992-E0F9-48EE-BB42-914A017A46FC}"
EndProject
Global
	GlobalSection(SolutionConfigurationPlatforms) = preSolution
		Development|Default = Development|Default
	EndGlobalSection
	GlobalSection(ProjectConfigurationPlatforms) = postSolution
		{82BC1992-E0F9-48EE-BB42-914A017A46FC}.Development|Default.ActiveCfg = Development
		{82BC1992-E0F9-48EE-BB42-914A017A46FC}.Development|Default.Build.0 = Development
	EndGlobalSection
	GlobalSection(SolutionProperties) = preSolution
		HideSolutionNode = FALSE
	EndGlobalSection
	GlobalSection(ExtensibilityGlobals) = postSolution
		SolutionGuid = {757C0644-37C7-4215-A6FE-C95E2BCBE11C}
	EndGlobalSection
EndGlobal
